
Microsoft Visual Studio Solution File, Format Version 12.00
# Visual Studio Version 16
VisualStudioVersion = 16.0.31005.135
MinimumVisualStudioVersion = 10.0.40219.1
Project("{FAE04EC0-301F-11D3-BF4B-00C04F79EFBC}") = "API", "API\API.csproj", "{4202130F-0643-49D3-83A5-65E9C5A29190}"
EndProject
Project("{FAE04EC0-301F-11D3-BF4B-00C04F79EFBC}") = "WebApp", "WebApp\WebApp.csproj", "{3310A5EB-0953-4F11-832D-DAA7518CDEEA}"
EndProject
Project("{FAE04EC0-301F-11D3-BF4B-00C04F79EFBC}") = "Data", "Data\Data.csproj", "{DF8DD0A1-3436-491C-BAA4-6224EA849F01}"
EndProject
Global
	GlobalSection(SolutionConfigurationPlatforms) = preSolution
		Debug|Any CPU = Debug|Any CPU
		Release|Any CPU = Release|Any CPU
	EndGlobalSection
	GlobalSection(ProjectConfigurationPlatforms) = postSolution
		{4202130F-0643-49D3-83A5-65E9C5A29190}.Debug|Any CPU.ActiveCfg = Debug|Any CPU
		{4202130F-0643-49D3-83A5-65E9C5A29190}.Debug|Any CPU.Build.0 = Debug|Any CPU
		{4202130F-0643-49D3-83A5-65E9C5A29190}.Release|Any CPU.ActiveCfg = Release|Any CPU
		{4202130F-0643-49D3-83A5-65E9C5A29190}.Release|Any CPU.Build.0 = Release|Any CPU
		{3310A5EB-0953-4F11-832D-DAA7518CDEEA}.Debug|Any CPU.ActiveCfg = Debug|Any CPU
		{3310A5EB-0953-4F11-832D-DAA7518CDEEA}.Debug|Any CPU.Build.0 = Debug|Any CPU
		{3310A5EB-0953-4F11-832D-DAA7518CDEEA}.Release|Any CPU.ActiveCfg = Release|Any CPU
		{3310A5EB-0953-4F11-832D-DAA7518CDEEA}.Release|Any CPU.Build.0 = Release|Any CPU
		{DF8DD0A1-3436-491C-BAA4-6224EA849F01}.Debug|Any CPU.ActiveCfg = Debug|Any CPU
		{DF8DD0A1-3436-491C-BAA4-6224EA849F01}.Debug|Any CPU.Build.0 = Debug|Any CPU
		{DF8DD0A1-3436-491C-BAA4-6224EA849F01}.Release|Any CPU.ActiveCfg = Release|Any CPU
		{DF8DD0A1-3436-491C-BAA4-6224EA849F01}.Release|Any CPU.Build.0 = Release|Any CPU
	EndGlobalSection
	GlobalSection(SolutionProperties) = preSolution
		HideSolutionNode = FALSE
	EndGlobalSection
	GlobalSection(ExtensibilityGlobals) = postSolution
		SolutionGuid = {7D93A9B5-05DA-4B41-BCC6-A3AD9EDBCE9F}
	EndGlobalSection
EndGlobal
